
Microsoft Visual Studio Solution File, Format Version 12.00
# Visual Studio Version 17
VisualStudioVersion = 17.5.33516.290
MinimumVisualStudioVersion = 10.0.40219.1
Project("{9A19103F-16F7-4668-BE54-9A1E7A4F7556}") = "GeniyIdiotConsoleApp", "GeniyIdiotConsoleApp\GeniyIdiotConsoleApp.csproj", "{58FE35E5-48A9-4FAA-90D8-442FBA1D3C94}"
	ProjectSection(ProjectDependencies) = postProject
		{A717BE3A-9AFC-4B1F-854C-B35B115787B4} = {A717BE3A-9AFC-4B1F-854C-B35B115787B4}
	EndProjectSection
EndProject
Project("{9A19103F-16F7-4668-BE54-9A1E7A4F7556}") = "GeniusIdiotWindowsFormsApp", "GeniusIdiotWindowsFormsApp\GeniusIdiotWindowsFormsApp.csproj", "{26B87BFE-28AB-49D5-9779-86B6320ED5F1}"
	ProjectSection(ProjectDependencies) = postProject
		{A717BE3A-9AFC-4B1F-854C-B35B115787B4} = {A717BE3A-9AFC-4B1F-854C-B35B115787B4}
	EndProjectSection
EndProject
Project("{9A19103F-16F7-4668-BE54-9A1E7A4F7556}") = "GameGeniusIdiotLibrary", "GameGeniusIdiotLibrary\GameGeniusIdiotLibrary.csproj", "{A717BE3A-9AFC-4B1F-854C-B35B115787B4}"
EndProject
Global
	GlobalSection(SolutionConfigurationPlatforms) = preSolution
		Debug|Any CPU = Debug|Any CPU
		Release|Any CPU = Release|Any CPU
	EndGlobalSection
	GlobalSection(ProjectConfigurationPlatforms) = postSolution
		{58FE35E5-48A9-4FAA-90D8-442FBA1D3C94}.Debug|Any CPU.ActiveCfg = Debug|Any CPU
		{58FE35E5-48A9-4FAA-90D8-442FBA1D3C94}.Debug|Any CPU.Build.0 = Debug|Any CPU
		{58FE35E5-48A9-4FAA-90D8-442FBA1D3C94}.Release|Any CPU.ActiveCfg = Release|Any CPU
		{58FE35E5-48A9-4FAA-90D8-442FBA1D3C94}.Release|Any CPU.Build.0 = Release|Any CPU
		{26B87BFE-28AB-49D5-9779-86B6320ED5F1}.Debug|Any CPU.ActiveCfg = Debug|Any CPU
		{26B87BFE-28AB-49D5-9779-86B6320ED5F1}.Debug|Any CPU.Build.0 = Debug|Any CPU
		{26B87BFE-28AB-49D5-9779-86B6320ED5F1}.Release|Any CPU.ActiveCfg = Release|Any CPU
		{26B87BFE-28AB-49D5-9779-86B6320ED5F1}.Release|Any CPU.Build.0 = Release|Any CPU
		{A717BE3A-9AFC-4B1F-854C-B35B115787B4}.Debug|Any CPU.ActiveCfg = Debug|Any CPU
		{A717BE3A-9AFC-4B1F-854C-B35B115787B4}.Debug|Any CPU.Build.0 = Debug|Any CPU
		{A717BE3A-9AFC-4B1F-854C-B35B115787B4}.Release|Any CPU.ActiveCfg = Release|Any CPU
		{A717BE3A-9AFC-4B1F-854C-B35B115787B4}.Release|Any CPU.Build.0 = Release|Any CPU
	EndGlobalSection
	GlobalSection(SolutionProperties) = preSolution
		HideSolutionNode = FALSE
	EndGlobalSection
	GlobalSection(ExtensibilityGlobals) = postSolution
		SolutionGuid = {9E94803C-CF2D-4BBE-93BE-0267BD617307}
	EndGlobalSection
EndGlobal
